
Microsoft Visual Studio Solution File, Format Version 12.00
# Visual Studio Version 17
VisualStudioVersion = 17.14.36623.8
MinimumVisualStudioVersion = 10.0.40219.1
Project("{FAE04EC0-301F-11D3-BF4B-00C04F79EFBC}") = "ControleEstoque", "ControleEstoque\ControleEstoque.csproj", "{A1D7995A-1689-467F-A936-9B145E1576B4}"
EndProject
Global
	GlobalSection(SolutionConfigurationPlatforms) = preSolution
		Debug|Any CPU = Debug|Any CPU
		Release|Any CPU = Release|Any CPU
	EndGlobalSection
	GlobalSection(ProjectConfigurationPlatforms) = postSolution
		{A1D7995A-1689-467F-A936-9B145E1576B4}.Debug|Any CPU.ActiveCfg = Debug|Any CPU
		{A1D7995A-1689-467F-A936-9B145E1576B4}.Debug|Any CPU.Build.0 = Debug|Any CPU
		{A1D7995A-1689-467F-A936-9B145E1576B4}.Release|Any CPU.ActiveCfg = Release|Any CPU
		{A1D7995A-1689-467F-A936-9B145E1576B4}.Release|Any CPU.Build.0 = Release|Any CPU
	EndGlobalSection
	GlobalSection(SolutionProperties) = preSolution
		HideSolutionNode = FALSE
	EndGlobalSection
	GlobalSection(ExtensibilityGlobals) = postSolution
		SolutionGuid = {5E703BA5-CF82-4063-97C2-25D500FCF3A6}
	EndGlobalSection
EndGlobal
